schema: '2.0'
stages:
  data_ingestion:
    cmd: python src/data_ingestion.py
    deps:
    - path: src/data_ingestion.py
      hash: md5
      md5: c18ff4836233f5f0caf4eb960f608418
      size: 3604
    params:
      params.yaml:
        data_ingestion.test_size: 0.2
    outs:
    - path: data/raw
      hash: md5
      md5: 3b3cf3a9ca588cc150553eee569b3fe3.dir
      size: 484846
      nfiles: 2
  data_preprocessing:
    cmd: python src/data_preprocessing.py
    deps:
    - path: data/raw
      hash: md5
      md5: 3b3cf3a9ca588cc150553eee569b3fe3.dir
      size: 484846
      nfiles: 2
    - path: src/data_preprocessing.py
      hash: md5
      md5: 30b64675fca61494744cca1947ce5542
      size: 3988
    outs:
    - path: data/interim
      hash: md5
      md5: d303cf9508d1ecedd0cab1792159601d.dir
      size: 262431
      nfiles: 2
  feature_engineering:
    cmd: python src/feature_engineering.py
    deps:
    - path: data/interim
      hash: md5
      md5: d303cf9508d1ecedd0cab1792159601d.dir
      size: 262431
      nfiles: 2
    - path: src/feature_engineering.py
      hash: md5
      md5: ded92bfe43d33ac94fd3161d5c10edd4
      size: 3912
    params:
      params.yaml:
        feature_engineering.max_features: 3500
    outs:
    - path: data/processed
      hash: md5
      md5: 0371dafc5483d6c63f0e04dd1bd90ccf.dir
      size: 74623820
      nfiles: 2
  model_building:
    cmd: python src/model_building.py
    deps:
    - path: data/processed
      hash: md5
      md5: 0371dafc5483d6c63f0e04dd1bd90ccf.dir
      size: 74623820
      nfiles: 2
    - path: src/model_building.py
      hash: md5
      md5: 78da6cd924a6c7a53f771cb1d15e418e
      size: 4486
    params:
      params.yaml:
        model_building.n_estimators: 22
        model_building.random_state: 42
    outs:
    - path: models/model.pkl
      hash: md5
      md5: edf7d4cd98edc51053d0d325f3446921
      size: 1239437
  model_evaluation:
    cmd: python src/model_evaluation.py
    deps:
    - path: models/model.pkl
      hash: md5
      md5: edf7d4cd98edc51053d0d325f3446921
      size: 1239437
    - path: src/model_evaluation.py
      hash: md5
      md5: b351e6524659b1e14c1adebd4402fe11
      size: 4087
    outs:
    - path: reports/metrics.json
      hash: md5
      md5: 4939535bd4249875acd7fc04fc3a41ef
      size: 145
